
Microsoft Visual Studio Solution File, Format Version 12.00
# Visual Studio Version 16
VisualStudioVersion = 16.0.29201.188
MinimumVisualStudioVersion = 10.0.40219.1
Project("{9A19103F-16F7-4668-BE54-9A1E7A4F7556}") = "thisCS", "thisCS\thisCS.csproj", "{330550C4-9429-45B2-83C5-0E07DF755571}"
EndProject
Global
	GlobalSection(SolutionConfigurationPlatforms) = preSolution
		Debug|Any CPU = Debug|Any CPU
		Release|Any CPU = Release|Any CPU
	EndGlobalSection
	GlobalSection(ProjectConfigurationPlatforms) = postSolution
		{330550C4-9429-45B2-83C5-0E07DF755571}.Debug|Any CPU.ActiveCfg = Debug|Any CPU
		{330550C4-9429-45B2-83C5-0E07DF755571}.Debug|Any CPU.Build.0 = Debug|Any CPU
		{330550C4-9429-45B2-83C5-0E07DF755571}.Release|Any CPU.ActiveCfg = Release|Any CPU
		{330550C4-9429-45B2-83C5-0E07DF755571}.Release|Any CPU.Build.0 = Release|Any CPU
	EndGlobalSection
	GlobalSection(SolutionProperties) = preSolution
		HideSolutionNode = FALSE
	EndGlobalSection
	GlobalSection(ExtensibilityGlobals) = postSolution
		SolutionGuid = {76B449D9-2036-4CC5-9771-46DD8F5B4AA0}
	EndGlobalSection
EndGlobal
