
Microsoft Visual Studio Solution File, Format Version 12.00
# Visual Studio Version 16
VisualStudioVersion = 16.0.29201.188
MinimumVisualStudioVersion = 10.0.40219.1
Project("{FAE04EC0-301F-11D3-BF4B-00C04F79EFBC}") = "WithPython", "WithPython\WithPython.csproj", "{39415CFE-5E7F-4320-B11C-BD6C1A53C8DF}"
EndProject
Global
	GlobalSection(SolutionConfigurationPlatforms) = preSolution
		Debug|Any CPU = Debug|Any CPU
		Release|Any CPU = Release|Any CPU
	EndGlobalSection
	GlobalSection(ProjectConfigurationPlatforms) = postSolution
		{39415CFE-5E7F-4320-B11C-BD6C1A53C8DF}.Debug|Any CPU.ActiveCfg = Debug|Any CPU
		{39415CFE-5E7F-4320-B11C-BD6C1A53C8DF}.Debug|Any CPU.Build.0 = Debug|Any CPU
		{39415CFE-5E7F-4320-B11C-BD6C1A53C8DF}.Release|Any CPU.ActiveCfg = Release|Any CPU
		{39415CFE-5E7F-4320-B11C-BD6C1A53C8DF}.Release|Any CPU.Build.0 = Release|Any CPU
	EndGlobalSection
	GlobalSection(SolutionProperties) = preSolution
		HideSolutionNode = FALSE
	EndGlobalSection
	GlobalSection(ExtensibilityGlobals) = postSolution
		SolutionGuid = {EBAC6E75-EE71-4043-8F68-ED971AB320A0}
	EndGlobalSection
EndGlobal
