
Microsoft Visual Studio Solution File, Format Version 12.00
# Visual Studio Version 16
VisualStudioVersion = 16.0.29201.188
MinimumVisualStudioVersion = 10.0.40219.1
Project("{FAE04EC0-301F-11D3-BF4B-00C04F79EFBC}") = "EmitTest", "EmitTest\EmitTest.csproj", "{E600F8E6-1FC7-4FF0-A6B4-64BEB37C485F}"
EndProject
Global
	GlobalSection(SolutionConfigurationPlatforms) = preSolution
		Debug|Any CPU = Debug|Any CPU
		Release|Any CPU = Release|Any CPU
	EndGlobalSection
	GlobalSection(ProjectConfigurationPlatforms) = postSolution
		{E600F8E6-1FC7-4FF0-A6B4-64BEB37C485F}.Debug|Any CPU.ActiveCfg = Debug|Any CPU
		{E600F8E6-1FC7-4FF0-A6B4-64BEB37C485F}.Debug|Any CPU.Build.0 = Debug|Any CPU
		{E600F8E6-1FC7-4FF0-A6B4-64BEB37C485F}.Release|Any CPU.ActiveCfg = Release|Any CPU
		{E600F8E6-1FC7-4FF0-A6B4-64BEB37C485F}.Release|Any CPU.Build.0 = Release|Any CPU
	EndGlobalSection
	GlobalSection(SolutionProperties) = preSolution
		HideSolutionNode = FALSE
	EndGlobalSection
	GlobalSection(ExtensibilityGlobals) = postSolution
		SolutionGuid = {E6B9E20E-BB70-4606-AEF8-56ED4DB7A223}
	EndGlobalSection
EndGlobal
